// !$*UTF8*$!
{
	archiveVersion = 1;
	classes = {
	};
	objectVersion = 46;
	objects = {

/* Begin PBXAggregateTarget section */
		24416B8111C4CA220047AFDD /* Build & Test */ = {
			isa = PBXAggregateTarget;
			buildConfigurationList = 24416B8A11C4CA520047AFDD /* Build configuration list for PBXAggregateTarget "Build & Test" */;
			buildPhases = (
				24416B8011C4CA220047AFDD /* ShellScript */,
			);
			dependencies = (
				24416B8511C4CA280047AFDD /* PBXTargetDependency */,
			);
			name = "Build & Test";
			productName = "Build & test";
		};
/* End PBXAggregateTarget section */

/* Begin PBXBuildFile section */
		24DD6CF91134B3F500162E58 /* ComThevirtualforgeS3filetransfermanagerModule.h in Headers */ = {isa = PBXBuildFile; fileRef = 24DD6CF71134B3F500162E58 /* ComThevirtualforgeS3filetransfermanagerModule.h */; };
		24DD6CFA1134B3F500162E58 /* ComThevirtualforgeS3filetransfermanagerModule.m in Sources */ = {isa = PBXBuildFile; fileRef = 24DD6CF81134B3F500162E58 /* ComThevirtualforgeS3filetransfermanagerModule.m */; };
		24DE9E1111C5FE74003F90F6 /* ComThevirtualforgeS3filetransfermanagerModuleAssets.h in Headers */ = {isa = PBXBuildFile; fileRef = 24DE9E0F11C5FE74003F90F6 /* ComThevirtualforgeS3filetransfermanagerModuleAssets.h */; };
		24DE9E1211C5FE74003F90F6 /* ComThevirtualforgeS3filetransfermanagerModuleAssets.m in Sources */ = {isa = PBXBuildFile; fileRef = 24DE9E1011C5FE74003F90F6 /* ComThevirtualforgeS3filetransfermanagerModuleAssets.m */; };
		AA747D9F0F9514B9006C5449 /* ComThevirtualforgeS3filetransfermanager_Prefix.pch in Headers */ = {isa = PBXBuildFile; fileRef = AA747D9E0F9514B9006C5449 /* ComThevirtualforgeS3filetransfermanager_Prefix.pch */; };
		AACBBE4A0F95108600F1A2B1 /* Foundation.framework in Frameworks */ = {isa = PBXBuildFile; fileRef = AACBBE490F95108600F1A2B1 /* Foundation.framework */; };
		FF49C4E01BEBC8AC00B218FF /* AWSCore.framework in Frameworks */ = {isa = PBXBuildFile; fileRef = FF49C4DE1BEBC8AC00B218FF /* AWSCore.framework */; };
		FF49C4E11BEBC8AC00B218FF /* AWSS3.framework in Frameworks */ = {isa = PBXBuildFile; fileRef = FF49C4DF1BEBC8AC00B218FF /* AWSS3.framework */; };
		FF59CC2E1B3B11C500906082 /* Bolts.framework in Frameworks */ = {isa = PBXBuildFile; fileRef = FF59CC2B1B3B11C500906082 /* Bolts.framework */; };
		FFB0EAF41B14CDD100338B0D /* ComThevirtualforgeS3filetransfermanagerAWSS3TransferManagerProxy.m in Sources */ = {isa = PBXBuildFile; fileRef = FFB0EAF31B14CDD100338B0D /* ComThevirtualforgeS3filetransfermanagerAWSS3TransferManagerProxy.m */; };
		FFB0EAF61B14CDF300338B0D /* ComThevirtualforgeS3filetransfermanagerAWSS3TransferManagerProxy.h in Headers */ = {isa = PBXBuildFile; fileRef = FFB0EAF51B14CDF300338B0D /* ComThevirtualforgeS3filetransfermanagerAWSS3TransferManagerProxy.h */; };
		FFCB9E231B30678F0060721A /* DeveloperAuthenticationProvider.h in Headers */ = {isa = PBXBuildFile; fileRef = FFCB9E211B30678F0060721A /* DeveloperAuthenticationProvider.h */; };
		FFCB9E241B30678F0060721A /* DeveloperAuthenticationProvider.m in Sources */ = {isa = PBXBuildFile; fileRef = FFCB9E221B30678F0060721A /* DeveloperAuthenticationProvider.m */; };
		FFD026781AFBA7210082E8B8 /* ComThevirtualforgeS3filetransfermanagerAWSS3TransferManagerUploadRequestProxy.h in Headers */ = {isa = PBXBuildFile; fileRef = FFD026771AFBA7210082E8B8 /* ComThevirtualforgeS3filetransfermanagerAWSS3TransferManagerUploadRequestProxy.h */; };
		FFD0267C1AFBA7B40082E8B8 /* ComThevirtualforgeS3filetransfermanagerAWSS3TransferManagerUploadRequestProxy.m in Sources */ = {isa = PBXBuildFile; fileRef = FFD0267B1AFBA7B40082E8B8 /* ComThevirtualforgeS3filetransfermanagerAWSS3TransferManagerUploadRequestProxy.m */; };
/* End PBXBuildFile section */

/* Begin PBXContainerItemProxy section */
		24416B8411C4CA280047AFDD /* PBXContainerItemProxy */ = {
			isa = PBXContainerItemProxy;
			containerPortal = 0867D690FE84028FC02AAC07 /* Project object */;
			proxyType = 1;
			remoteGlobalIDString = D2AAC07D0554694100DB518D;
			remoteInfo = S3FileTransferManager;
		};
/* End PBXContainerItemProxy section */

/* Begin PBXCopyFilesBuildPhase section */
		FFF3FBBF1AF934AA0058C2D6 /* CopyFiles */ = {
			isa = PBXCopyFilesBuildPhase;
			buildActionMask = 2147483647;
			dstPath = "";
			dstSubfolderSpec = 7;
			files = (
			);
			runOnlyForDeploymentPostprocessing = 0;
		};
/* End PBXCopyFilesBuildPhase section */

/* Begin PBXFileReference section */
		24DD6CF71134B3F500162E58 /* ComThevirtualforgeS3filetransfermanagerModule.h */ = {isa = PBXFileReference; fileEncoding = 4; lastKnownFileType = sourcecode.c.h; name = ComThevirtualforgeS3filetransfermanagerModule.h; path = Classes/ComThevirtualforgeS3filetransfermanagerModule.h; sourceTree = "<group>"; };
		24DD6CF81134B3F500162E58 /* ComThevirtualforgeS3filetransfermanagerModule.m */ = {isa = PBXFileReference; fileEncoding = 4; lastKnownFileType = sourcecode.c.objc; name = ComThevirtualforgeS3filetransfermanagerModule.m; path = Classes/ComThevirtualforgeS3filetransfermanagerModule.m; sourceTree = "<group>"; };
		24DD6D1B1134B66800162E58 /* titanium.xcconfig */ = {isa = PBXFileReference; fileEncoding = 4; lastKnownFileType = text.xcconfig; path = titanium.xcconfig; sourceTree = "<group>"; };
		24DE9E0F11C5FE74003F90F6 /* ComThevirtualforgeS3filetransfermanagerModuleAssets.h */ = {isa = PBXFileReference; fileEncoding = 4; lastKnownFileType = sourcecode.c.h; name = ComThevirtualforgeS3filetransfermanagerModuleAssets.h; path = Classes/ComThevirtualforgeS3filetransfermanagerModuleAssets.h; sourceTree = "<group>"; };
		24DE9E1011C5FE74003F90F6 /* ComThevirtualforgeS3filetransfermanagerModuleAssets.m */ = {isa = PBXFileReference; fileEncoding = 4; lastKnownFileType = sourcecode.c.objc; name = ComThevirtualforgeS3filetransfermanagerModuleAssets.m; path = Classes/ComThevirtualforgeS3filetransfermanagerModuleAssets.m; sourceTree = "<group>"; };
		AA747D9E0F9514B9006C5449 /* ComThevirtualforgeS3filetransfermanager_Prefix.pch */ = {isa = PBXFileReference; fileEncoding = 4; lastKnownFileType = sourcecode.c.h; path = ComThevirtualforgeS3filetransfermanager_Prefix.pch; sourceTree = SOURCE_ROOT; };
		AACBBE490F95108600F1A2B1 /* Foundation.framework */ = {isa = PBXFileReference; lastKnownFileType = wrapper.framework; name = Foundation.framework; path = System/Library/Frameworks/Foundation.framework; sourceTree = SDKROOT; };
		D2AAC07E0554694100DB518D /* libComThevirtualforgeS3filetransfermanager.a */ = {isa = PBXFileReference; explicitFileType = archive.ar; includeInIndex = 0; path = libComThevirtualforgeS3filetransfermanager.a; sourceTree = BUILT_PRODUCTS_DIR; };
		FF49C4DE1BEBC8AC00B218FF /* AWSCore.framework */ = {isa = PBXFileReference; lastKnownFileType = wrapper.framework; name = AWSCore.framework; path = platform/iphone/AWSCore.framework; sourceTree = "<group>"; };
		FF49C4DF1BEBC8AC00B218FF /* AWSS3.framework */ = {isa = PBXFileReference; lastKnownFileType = wrapper.framework; name = AWSS3.framework; path = platform/iphone/AWSS3.framework; sourceTree = "<group>"; };
		FF59CC2B1B3B11C500906082 /* Bolts.framework */ = {isa = PBXFileReference; lastKnownFileType = wrapper.framework; name = Bolts.framework; path = platform/iphone/Bolts.framework; sourceTree = "<group>"; };
		FFB0EAF31B14CDD100338B0D /* ComThevirtualforgeS3filetransfermanagerAWSS3TransferManagerProxy.m */ = {isa = PBXFileReference; fileEncoding = 4; lastKnownFileType = sourcecode.c.objc; name = ComThevirtualforgeS3filetransfermanagerAWSS3TransferManagerProxy.m; path = Classes/ComThevirtualforgeS3filetransfermanagerAWSS3TransferManagerProxy.m; sourceTree = "<group>"; };
		FFB0EAF51B14CDF300338B0D /* ComThevirtualforgeS3filetransfermanagerAWSS3TransferManagerProxy.h */ = {isa = PBXFileReference; fileEncoding = 4; lastKnownFileType = sourcecode.c.h; name = ComThevirtualforgeS3filetransfermanagerAWSS3TransferManagerProxy.h; path = Classes/ComThevirtualforgeS3filetransfermanagerAWSS3TransferManagerProxy.h; sourceTree = "<group>"; };
		FFCB9E211B30678F0060721A /* DeveloperAuthenticationProvider.h */ = {isa = PBXFileReference; fileEncoding = 4; lastKnownFileType = sourcecode.c.h; name = DeveloperAuthenticationProvider.h; path = Classes/DeveloperAuthenticationProvider.h; sourceTree = "<group>"; };
		FFCB9E221B30678F0060721A /* DeveloperAuthenticationProvider.m */ = {isa = PBXFileReference; fileEncoding = 4; lastKnownFileType = sourcecode.c.objc; name = DeveloperAuthenticationProvider.m; path = Classes/DeveloperAuthenticationProvider.m; sourceTree = "<group>"; };
		FFD026771AFBA7210082E8B8 /* ComThevirtualforgeS3filetransfermanagerAWSS3TransferManagerUploadRequestProxy.h */ = {isa = PBXFileReference; fileEncoding = 4; lastKnownFileType = sourcecode.c.h; name = ComThevirtualforgeS3filetransfermanagerAWSS3TransferManagerUploadRequestProxy.h; path = Classes/ComThevirtualforgeS3filetransfermanagerAWSS3TransferManagerUploadRequestProxy.h; sourceTree = "<group>"; };
		FFD0267B1AFBA7B40082E8B8 /* ComThevirtualforgeS3filetransfermanagerAWSS3TransferManagerUploadRequestProxy.m */ = {isa = PBXFileReference; fileEncoding = 4; lastKnownFileType = sourcecode.c.objc; name = ComThevirtualforgeS3filetransfermanagerAWSS3TransferManagerUploadRequestProxy.m; path = Classes/ComThevirtualforgeS3filetransfermanagerAWSS3TransferManagerUploadRequestProxy.m; sourceTree = "<group>"; };
/* End PBXFileReference section */

/* Begin PBXFrameworksBuildPhase section */
		D2AAC07C0554694100DB518D /* Frameworks */ = {
			isa = PBXFrameworksBuildPhase;
			buildActionMask = 2147483647;
			files = (
				FF49C4E11BEBC8AC00B218FF /* AWSS3.framework in Frameworks */,
				AACBBE4A0F95108600F1A2B1 /* Foundation.framework in Frameworks */,
				FF59CC2E1B3B11C500906082 /* Bolts.framework in Frameworks */,
				FF49C4E01BEBC8AC00B218FF /* AWSCore.framework in Frameworks */,
			);
			runOnlyForDeploymentPostprocessing = 0;
		};
/* End PBXFrameworksBuildPhase section */

/* Begin PBXGroup section */
		034768DFFF38A50411DB9C8B /* Products */ = {
			isa = PBXGroup;
			children = (
				D2AAC07E0554694100DB518D /* libComThevirtualforgeS3filetransfermanager.a */,
			);
			name = Products;
			sourceTree = "<group>";
		};
		0867D691FE84028FC02AAC07 /* S3FileTransferManager */ = {
			isa = PBXGroup;
			children = (
				08FB77AEFE84172EC02AAC07 /* Classes */,
				32C88DFF0371C24200C91783 /* Other Sources */,
				0867D69AFE84028FC02AAC07 /* Frameworks */,
				034768DFFF38A50411DB9C8B /* Products */,
			);
			name = S3FileTransferManager;
			sourceTree = "<group>";
		};
		0867D69AFE84028FC02AAC07 /* Frameworks */ = {
			isa = PBXGroup;
			children = (
				FF49C4DE1BEBC8AC00B218FF /* AWSCore.framework */,
				FF49C4DF1BEBC8AC00B218FF /* AWSS3.framework */,
				FF59CC2B1B3B11C500906082 /* Bolts.framework */,
				AACBBE490F95108600F1A2B1 /* Foundation.framework */,
			);
			name = Frameworks;
			sourceTree = "<group>";
		};
		08FB77AEFE84172EC02AAC07 /* Classes */ = {
			isa = PBXGroup;
			children = (
				24DE9E0F11C5FE74003F90F6 /* ComThevirtualforgeS3filetransfermanagerModuleAssets.h */,
				24DE9E1011C5FE74003F90F6 /* ComThevirtualforgeS3filetransfermanagerModuleAssets.m */,
				24DD6CF71134B3F500162E58 /* ComThevirtualforgeS3filetransfermanagerModule.h */,
				24DD6CF81134B3F500162E58 /* ComThevirtualforgeS3filetransfermanagerModule.m */,
				FFD026771AFBA7210082E8B8 /* ComThevirtualforgeS3filetransfermanagerAWSS3TransferManagerUploadRequestProxy.h */,
				FFD0267B1AFBA7B40082E8B8 /* ComThevirtualforgeS3filetransfermanagerAWSS3TransferManagerUploadRequestProxy.m */,
				FFB0EAF51B14CDF300338B0D /* ComThevirtualforgeS3filetransfermanagerAWSS3TransferManagerProxy.h */,
				FFB0EAF31B14CDD100338B0D /* ComThevirtualforgeS3filetransfermanagerAWSS3TransferManagerProxy.m */,
				FFCB9E211B30678F0060721A /* DeveloperAuthenticationProvider.h */,
				FFCB9E221B30678F0060721A /* DeveloperAuthenticationProvider.m */,
			);
			name = Classes;
			sourceTree = "<group>";
		};
		32C88DFF0371C24200C91783 /* Other Sources */ = {
			isa = PBXGroup;
			children = (
				AA747D9E0F9514B9006C5449 /* ComThevirtualforgeS3filetransfermanager_Prefix.pch */,
				24DD6D1B1134B66800162E58 /* titanium.xcconfig */,
			);
			name = "Other Sources";
			sourceTree = "<group>";
		};
/* End PBXGroup section */

/* Begin PBXHeadersBuildPhase section */
		D2AAC07A0554694100DB518D /* Headers */ = {
			isa = PBXHeadersBuildPhase;
			buildActionMask = 2147483647;
			files = (
				FFCB9E231B30678F0060721A /* DeveloperAuthenticationProvider.h in Headers */,
				FFB0EAF61B14CDF300338B0D /* ComThevirtualforgeS3filetransfermanagerAWSS3TransferManagerProxy.h in Headers */,
				AA747D9F0F9514B9006C5449 /* ComThevirtualforgeS3filetransfermanager_Prefix.pch in Headers */,
				24DD6CF91134B3F500162E58 /* ComThevirtualforgeS3filetransfermanagerModule.h in Headers */,
				FFD026781AFBA7210082E8B8 /* ComThevirtualforgeS3filetransfermanagerAWSS3TransferManagerUploadRequestProxy.h in Headers */,
				24DE9E1111C5FE74003F90F6 /* ComThevirtualforgeS3filetransfermanagerModuleAssets.h in Headers */,
			);
			runOnlyForDeploymentPostprocessing = 0;
		};
/* End PBXHeadersBuildPhase section */

/* Begin PBXNativeTarget section */
		D2AAC07D0554694100DB518D /* S3FileTransferManager */ = {
			isa = PBXNativeTarget;
			buildConfigurationList = 1DEB921E08733DC00010E9CD /* Build configuration list for PBXNativeTarget "S3FileTransferManager" */;
			buildPhases = (
				D2AAC07A0554694100DB518D /* Headers */,
				D2AAC07B0554694100DB518D /* Sources */,
				D2AAC07C0554694100DB518D /* Frameworks */,
				FFF3FBBF1AF934AA0058C2D6 /* CopyFiles */,
				FFF3FBC21AF936AB0058C2D6 /* Resources */,
			);
			buildRules = (
			);
			dependencies = (
			);
			name = S3FileTransferManager;
			productName = S3FileTransferManager;
			productReference = D2AAC07E0554694100DB518D /* libComThevirtualforgeS3filetransfermanager.a */;
			productType = "com.apple.product-type.library.static";
		};
/* End PBXNativeTarget section */

/* Begin PBXProject section */
		0867D690FE84028FC02AAC07 /* Project object */ = {
			isa = PBXProject;
			attributes = {
				LastUpgradeCheck = 0600;
			};
			buildConfigurationList = 1DEB922208733DC00010E9CD /* Build configuration list for PBXProject "S3FileTransferManager" */;
			compatibilityVersion = "Xcode 3.2";
			developmentRegion = English;
			hasScannedForEncodings = 1;
			knownRegions = (
				English,
				Japanese,
				French,
				German,
			);
			mainGroup = 0867D691FE84028FC02AAC07 /* S3FileTransferManager */;
			productRefGroup = 034768DFFF38A50411DB9C8B /* Products */;
			projectDirPath = "";
			projectRoot = "";
			targets = (
				D2AAC07D0554694100DB518D /* S3FileTransferManager */,
				24416B8111C4CA220047AFDD /* Build & Test */,
			);
		};
/* End PBXProject section */

/* Begin PBXResourcesBuildPhase section */
		FFF3FBC21AF936AB0058C2D6 /* Resources */ = {
			isa = PBXResourcesBuildPhase;
			buildActionMask = 2147483647;
			files = (
			);
			runOnlyForDeploymentPostprocessing = 0;
		};
/* End PBXResourcesBuildPhase section */

/* Begin PBXShellScriptBuildPhase section */
		24416B8011C4CA220047AFDD /* ShellScript */ = {
			isa = PBXShellScriptBuildPhase;
			buildActionMask = 2147483647;
			files = (
			);
			inputPaths = (
			);
			outputPaths = (
			);
			runOnlyForDeploymentPostprocessing = 0;
			shellPath = /bin/sh;
			shellScript = "# shell script goes here\n\npython \"${TITANIUM_SDK}/titanium.py\" run --dir=\"${PROJECT_DIR}\"\nexit $?\n";
		};
/* End PBXShellScriptBuildPhase section */

/* Begin PBXSourcesBuildPhase section */
		D2AAC07B0554694100DB518D /* Sources */ = {
			isa = PBXSourcesBuildPhase;
			buildActionMask = 2147483647;
			files = (
				FFCB9E241B30678F0060721A /* DeveloperAuthenticationProvider.m in Sources */,
				FFB0EAF41B14CDD100338B0D /* ComThevirtualforgeS3filetransfermanagerAWSS3TransferManagerProxy.m in Sources */,
				24DD6CFA1134B3F500162E58 /* ComThevirtualforgeS3filetransfermanagerModule.m in Sources */,
				24DE9E1211C5FE74003F90F6 /* ComThevirtualforgeS3filetransfermanagerModuleAssets.m in Sources */,
				FFD0267C1AFBA7B40082E8B8 /* ComThevirtualforgeS3filetransfermanagerAWSS3TransferManagerUploadRequestProxy.m in Sources */,
			);
			runOnlyForDeploymentPostprocessing = 0;
		};
/* End PBXSourcesBuildPhase section */

/* Begin PBXTargetDependency section */
		24416B8511C4CA280047AFDD /* PBXTargetDependency */ = {
			isa = PBXTargetDependency;
			target = D2AAC07D0554694100DB518D /* S3FileTransferManager */;
			targetProxy = 24416B8411C4CA280047AFDD /* PBXContainerItemProxy */;
		};
/* End PBXTargetDependency section */

/* Begin XCBuildConfiguration section */
		1DEB921F08733DC00010E9CD /* Debug */ = {
			isa = XCBuildConfiguration;
			baseConfigurationReference = 24DD6D1B1134B66800162E58 /* titanium.xcconfig */;
			buildSettings = {
				CODE_SIGN_IDENTITY = "iPhone Developer";
				"CODE_SIGN_IDENTITY[sdk=iphoneos*]" = "iPhone Developer";
				DSTROOT = /tmp/ComThevirtualforgeS3filetransfermanager.dst;
				FRAMEWORK_SEARCH_PATHS = (
					"$(inherited)",
					"/Users/terrymorgan/Downloads/aws-ios-sdk-2.1.1/frameworks",
					"/Users/terrymorgan/Downloads/aws-ios-sdk-2.1.1/frameworks/extras",
					"/Users/terrymorgan/Downloads/aws-ios-sdk-2.1.1/third-party",
					"$(PROJECT_DIR)/platform",
					"$(PROJECT_DIR)/frameworks",
					"$(PROJECT_DIR)/platform/iphone",
					"$(PROJECT_DIR)/lib",
				);
				GCC_C_LANGUAGE_STANDARD = c99;
				GCC_OPTIMIZATION_LEVEL = 0;
				GCC_PRECOMPILE_PREFIX_HEADER = YES;
				GCC_PREFIX_HEADER = ComThevirtualforgeS3filetransfermanager_Prefix.pch;
				GCC_PREPROCESSOR_DEFINITIONS = "TI_VERSION=$(TI_VERSION)";
				GCC_TREAT_WARNINGS_AS_ERRORS = NO;
				GCC_VERSION = "";
				GCC_WARN_ABOUT_RETURN_TYPE = NO;
				GCC_WARN_MISSING_PARENTHESES = NO;
				GCC_WARN_SHADOW = NO;
				GCC_WARN_STRICT_SELECTOR_MATCH = NO;
				GCC_WARN_UNUSED_FUNCTION = YES;
				GCC_WARN_UNUSED_PARAMETER = NO;
				GCC_WARN_UNUSED_VALUE = NO;
				GCC_WARN_UNUSED_VARIABLE = NO;
				INSTALL_PATH = /usr/local/lib;
				IPHONEOS_DEPLOYMENT_TARGET = 7.0;
				LIBRARY_SEARCH_PATHS = "";
				OTHER_CFLAGS = (
					"-DDEBUG",
					"-DTI_POST_1_2",
				);
				OTHER_LDFLAGS = "-ObjC";
				PRODUCT_NAME = ComThevirtualforgeS3filetransfermanager;
				PROVISIONING_PROFILE = "";
				"PROVISIONING_PROFILE[sdk=iphoneos*]" = "";
				RUN_CLANG_STATIC_ANALYZER = NO;
				SDKROOT = iphoneos8.3;
				USER_HEADER_SEARCH_PATHS = "";
			};
			name = Debug;
		};
		1DEB922008733DC00010E9CD /* Release */ = {
			isa = XCBuildConfiguration;
			baseConfigurationReference = 24DD6D1B1134B66800162E58 /* titanium.xcconfig */;
			buildSettings = {
				ALWAYS_SEARCH_USER_PATHS = NO;
				DSTROOT = /tmp/ComThevirtualforgeS3filetransfermanager.dst;
				FRAMEWORK_SEARCH_PATHS = (
					"$(inherited)",
					"/Users/terrymorgan/Downloads/aws-ios-sdk-2.1.1/frameworks",
					"/Users/terrymorgan/Downloads/aws-ios-sdk-2.1.1/frameworks/extras",
					"/Users/terrymorgan/Downloads/aws-ios-sdk-2.1.1/third-party",
					"$(PROJECT_DIR)/platform",
					"$(PROJECT_DIR)/frameworks",
					"$(PROJECT_DIR)/platform/iphone",
					"$(PROJECT_DIR)/lib",
				);
				GCC_C_LANGUAGE_STANDARD = c99;
				GCC_MODEL_TUNING = G5;
				GCC_PRECOMPILE_PREFIX_HEADER = YES;
				GCC_PREFIX_HEADER = ComThevirtualforgeS3filetransfermanager_Prefix.pch;
				GCC_PREPROCESSOR_DEFINITIONS = "TI_VERSION=$(TI_VERSION)";
				GCC_TREAT_WARNINGS_AS_ERRORS = NO;
				GCC_VERSION = "";
				GCC_WARN_ABOUT_RETURN_TYPE = NO;
				GCC_WARN_MISSING_PARENTHESES = NO;
				GCC_WARN_SHADOW = NO;
				GCC_WARN_STRICT_SELECTOR_MATCH = NO;
				GCC_WARN_UNUSED_FUNCTION = YES;
				GCC_WARN_UNUSED_PARAMETER = NO;
				GCC_WARN_UNUSED_VALUE = NO;
				GCC_WARN_UNUSED_VARIABLE = NO;
				INSTALL_PATH = /usr/local/lib;
				IPHONEOS_DEPLOYMENT_TARGET = 7.0;
				LIBRARY_SEARCH_PATHS = "";
				OTHER_CFLAGS = "-DTI_POST_1_2";
				OTHER_LDFLAGS = "-ObjC";
				PRODUCT_NAME = ComThevirtualforgeS3filetransfermanager;
				RUN_CLANG_STATIC_ANALYZER = NO;
				SDKROOT = iphoneos8.3;
				USER_HEADER_SEARCH_PATHS = "";
			};
			name = Release;
		};
		1DEB922308733DC00010E9CD /* Debug */ = {
			isa = XCBuildConfiguration;
			baseConfigurationReference = 24DD6D1B1134B66800162E58 /* titanium.xcconfig */;
			buildSettings = {
				CLANG_CXX_LIBRARY = "libstdc++";
				CODE_SIGN_IDENTITY = "iPhone Developer";
				"CODE_SIGN_IDENTITY[sdk=iphoneos*]" = "iPhone Developer";
				DSTROOT = /tmp/ComThevirtualforgeS3filetransfermanager.dst;
				GCC_C_LANGUAGE_STANDARD = c99;
				GCC_OPTIMIZATION_LEVEL = 0;
				GCC_PRECOMPILE_PREFIX_HEADER = YES;
				GCC_PREFIX_HEADER = ComThevirtualforgeS3filetransfermanager_Prefix.pch;
				GCC_PREPROCESSOR_DEFINITIONS = "TI_VERSION=$(TI_VERSION)";
				GCC_TREAT_WARNINGS_AS_ERRORS = NO;
				GCC_VERSION = "";
				GCC_WARN_ABOUT_RETURN_TYPE = NO;
				GCC_WARN_MISSING_PARENTHESES = NO;
				GCC_WARN_SHADOW = NO;
				GCC_WARN_STRICT_SELECTOR_MATCH = NO;
				GCC_WARN_UNUSED_FUNCTION = YES;
				GCC_WARN_UNUSED_PARAMETER = NO;
				GCC_WARN_UNUSED_VALUE = NO;
				GCC_WARN_UNUSED_VARIABLE = NO;
				INSTALL_PATH = /usr/local/lib;
				IPHONEOS_DEPLOYMENT_TARGET = 7.0;
				ONLY_ACTIVE_ARCH = YES;
				OTHER_CFLAGS = (
					"-DDEBUG",
					"-DTI_POST_1_2",
				);
				OTHER_LDFLAGS = "-ObjC";
				PRODUCT_NAME = ComThevirtualforgeS3filetransfermanager;
				PROVISIONING_PROFILE = "";
				"PROVISIONING_PROFILE[sdk=iphoneos*]" = "";
				RUN_CLANG_STATIC_ANALYZER = NO;
				SDKROOT = iphoneos;
				USER_HEADER_SEARCH_PATHS = "";
			};
			name = Debug;
		};
		1DEB922408733DC00010E9CD /* Release */ = {
			isa = XCBuildConfiguration;
			baseConfigurationReference = 24DD6D1B1134B66800162E58 /* titanium.xcconfig */;
			buildSettings = {
				ALWAYS_SEARCH_USER_PATHS = NO;
				CLANG_CXX_LIBRARY = "libstdc++";
				DSTROOT = /tmp/ComThevirtualforgeS3filetransfermanager.dst;
				GCC_C_LANGUAGE_STANDARD = c99;
				GCC_MODEL_TUNING = G5;
				GCC_PRECOMPILE_PREFIX_HEADER = YES;
				GCC_PREFIX_HEADER = ComThevirtualforgeS3filetransfermanager_Prefix.pch;
				GCC_PREPROCESSOR_DEFINITIONS = "TI_VERSION=$(TI_VERSION)";
				GCC_TREAT_WARNINGS_AS_ERRORS = NO;
				GCC_VERSION = "";
				GCC_WARN_ABOUT_RETURN_TYPE = NO;
				GCC_WARN_MISSING_PARENTHESES = NO;
				GCC_WARN_SHADOW = NO;
				GCC_WARN_STRICT_SELECTOR_MATCH = NO;
				GCC_WARN_UNUSED_FUNCTION = YES;
				GCC_WARN_UNUSED_PARAMETER = NO;
				GCC_WARN_UNUSED_VALUE = NO;
				GCC_WARN_UNUSED_VARIABLE = NO;
				INSTALL_PATH = /usr/local/lib;
				IPHONEOS_DEPLOYMENT_TARGET = 7.0;
				OTHER_CFLAGS = "-DTI_POST_1_2";
				OTHER_LDFLAGS = "-ObjC";
				PRODUCT_NAME = ComThevirtualforgeS3filetransfermanager;
				RUN_CLANG_STATIC_ANALYZER = NO;
				SDKROOT = iphoneos;
				USER_HEADER_SEARCH_PATHS = "";
			};
			name = Release;
		};
		24416B8211C4CA220047AFDD /* Debug */ = {
			isa = XCBuildConfiguration;
			baseConfigurationReference = 24DD6D1B1134B66800162E58 /* titanium.xcconfig */;
			buildSettings = {
				COPY_PHASE_STRIP = NO;
				GCC_DYNAMIC_NO_PIC = NO;
				GCC_OPTIMIZATION_LEVEL = 0;
				PRODUCT_NAME = "Build & test";
			};
			name = Debug;
		};
		24416B8311C4CA220047AFDD /* Release */ = {
			isa = XCBuildConfiguration;
			baseConfigurationReference = 24DD6D1B1134B66800162E58 /* titanium.xcconfig */;
			buildSettings = {
				COPY_PHASE_STRIP = YES;
				DEBUG_INFORMATION_FORMAT = "dwarf-with-dsym";
				GCC_ENABLE_FIX_AND_CONTINUE = NO;
				PRODUCT_NAME = "Build & test";
				ZERO_LINK = NO;
			};
			name = Release;
		};
/* End XCBuildConfiguration section */

/* Begin XCConfigurationList section */
		1DEB921E08733DC00010E9CD /* Build configuration list for PBXNativeTarget "S3FileTransferManager" */ = {
			isa = XCConfigurationList;
			buildConfigurations = (
				1DEB921F08733DC00010E9CD /* Debug */,
				1DEB922008733DC00010E9CD /* Release */,
			);
			defaultConfigurationIsVisible = 0;
			defaultConfigurationName = Release;
		};
		1DEB922208733DC00010E9CD /* Build configuration list for PBXProject "S3FileTransferManager" */ = {
			isa = XCConfigurationList;
			buildConfigurations = (
				1DEB922308733DC00010E9CD /* Debug */,
				1DEB922408733DC00010E9CD /* Release */,
			);
			defaultConfigurationIsVisible = 0;
			defaultConfigurationName = Release;
		};
		24416B8A11C4CA520047AFDD /* Build configuration list for PBXAggregateTarget "Build & Test" */ = {
			isa = XCConfigurationList;
			buildConfigurations = (
				24416B8211C4CA220047AFDD /* Debug */,
				24416B8311C4CA220047AFDD /* Release */,
			);
			defaultConfigurationIsVisible = 0;
			defaultConfigurationName = Release;
		};
/* End XCConfigurationList section */
	};
	rootObject = 0867D690FE84028FC02AAC07 /* Project object */;
}
